
Microsoft Visual Studio Solution File, Format Version 12.00
# Visual Studio 15
Project("{FAE04EC0-301F-11D3-BF4B-00C04F79EFBC}") = "PizzaMakerICC", "PizzaMakerICC\PizzaMakerICC.csproj", "{D72381DC-671D-4FC1-A07D-33F50B1C106F}"
EndProject
Project("{FAE04EC0-301F-11D3-BF4B-00C04F79EFBC}") = "PizzaMakerICC.Tests", "PizzaMakerICC.Tests\PizzaMakerICC.Tests.csproj", "{07A95EFB-6DDA-4971-8B62-E91BD1FE284A}"
EndProject
Global
	GlobalSection(SolutionConfigurationPlatforms) = preSolution
		Debug|Any CPU = Debug|Any CPU
		Release|Any CPU = Release|Any CPU
	EndGlobalSection
	GlobalSection(ProjectConfigurationPlatforms) = postSolution
		{D72381DC-671D-4FC1-A07D-33F50B1C106F}.Debug|Any CPU.ActiveCfg = Debug|Any CPU
		{D72381DC-671D-4FC1-A07D-33F50B1C106F}.Debug|Any CPU.Build.0 = Debug|Any CPU
		{D72381DC-671D-4FC1-A07D-33F50B1C106F}.Release|Any CPU.ActiveCfg = Release|Any CPU
		{D72381DC-671D-4FC1-A07D-33F50B1C106F}.Release|Any CPU.Build.0 = Release|Any CPU
		{07A95EFB-6DDA-4971-8B62-E91BD1FE284A}.Debug|Any CPU.ActiveCfg = Debug|Any CPU
		{07A95EFB-6DDA-4971-8B62-E91BD1FE284A}.Debug|Any CPU.Build.0 = Debug|Any CPU
		{07A95EFB-6DDA-4971-8B62-E91BD1FE284A}.Release|Any CPU.ActiveCfg = Release|Any CPU
		{07A95EFB-6DDA-4971-8B62-E91BD1FE284A}.Release|Any CPU.Build.0 = Release|Any CPU
	EndGlobalSection
EndGlobal
